{
  "version": 4,
  "terraform_version": "1.12.1",
  "serial": 4,
  "lineage": "8f81d702-f317-b48e-b901-e45b98e17fc4",
  "outputs": {},
  "resources": [
    {
      "mode": "managed",
      "type": "azurerm_linux_web_app",
      "name": "task_app",
      "provider": "provider[\"registry.terraform.io/hashicorp/azurerm\"]",
      "instances": [
        {
          "schema_version": 0,
          "attributes": {
            "app_settings": {
              "WEBSITE_RUN_FROM_PACKAGE": "1"
            },
            "auth_settings": [],
            "auth_settings_v2": [],
            "backup": [],
            "client_affinity_enabled": false,
            "client_certificate_enabled": false,
            "client_certificate_exclusion_paths": "",
            "client_certificate_mode": "Required",
            "connection_string": [],
            "custom_domain_verification_id": "24A0D788D1BC3516B8EF84EC5B3F5E9C7556890714008B57E744022B97F67501",
            "default_hostname": "task-app.azurewebsites.net",
            "enabled": true,
            "hosting_environment_id": "",
            "https_only": false,
            "id": "/subscriptions/a2c459d3-f15d-41d1-89c6-84df7003a552/resourceGroups/task-rg/providers/Microsoft.Web/sites/task-app",
            "identity": [],
            "key_vault_reference_identity_id": "SystemAssigned",
            "kind": "app,linux",
            "location": "centralus",
            "logs": [],
            "name": "task-app",
            "outbound_ip_address_list": [
              "52.173.255.250",
              "52.173.145.112",
              "52.165.223.181",
              "52.165.223.243",
              "52.173.151.229"
            ],
            "outbound_ip_addresses": "52.173.255.250,52.173.145.112,52.165.223.181,52.165.223.243,52.173.151.229",
            "possible_outbound_ip_address_list": [
              "52.173.255.250",
              "52.173.145.112",
              "52.165.223.181",
              "52.165.223.243",
              "52.176.167.96",
              "52.173.78.232",
              "52.158.160.192",
              "52.158.160.213",
              "52.158.161.104",
              "52.158.162.86",
              "52.158.162.99",
              "52.158.162.117",
              "52.182.208.198",
              "52.185.93.127",
              "52.185.93.147",
              "52.185.94.161",
              "52.185.94.163",
              "52.185.94.167",
              "52.173.151.229"
            ],
            "possible_outbound_ip_addresses": "52.173.255.250,52.173.145.112,52.165.223.181,52.165.223.243,52.176.167.96,52.173.78.232,52.158.160.192,52.158.160.213,52.158.161.104,52.158.162.86,52.158.162.99,52.158.162.117,52.182.208.198,52.185.93.127,52.185.93.147,52.185.94.161,52.185.94.163,52.185.94.167,52.173.151.229",
            "public_network_access_enabled": true,
            "resource_group_name": "task-rg",
            "service_plan_id": "/subscriptions/a2c459d3-f15d-41d1-89c6-84df7003a552/resourceGroups/task-rg/providers/Microsoft.Web/serverfarms/task-service-plan",
            "site_config": [
              {
                "always_on": true,
                "api_definition_url": "",
                "api_management_api_id": "",
                "app_command_line": "",
                "application_stack": [
                  {
                    "docker_image": "",
                    "docker_image_name": "",
                    "docker_image_tag": "",
                    "docker_registry_password": "",
                    "docker_registry_url": "",
                    "docker_registry_username": "",
                    "dotnet_version": "",
                    "go_version": "",
                    "java_server": "",
                    "java_server_version": "",
                    "java_version": "",
                    "node_version": "18-lts",
                    "php_version": "",
                    "python_version": "",
                    "ruby_version": ""
                  }
                ],
                "auto_heal_enabled": false,
                "auto_heal_setting": [],
                "container_registry_managed_identity_client_id": "",
                "container_registry_use_managed_identity": false,
                "cors": [],
                "default_documents": [
                  "Default.htm",
                  "Default.html",
                  "Default.asp",
                  "index.htm",
                  "index.html",
                  "iisstart.htm",
                  "default.aspx",
                  "index.php",
                  "hostingstart.html"
                ],
                "detailed_error_logging_enabled": false,
                "ftps_state": "Disabled",
                "health_check_eviction_time_in_min": 0,
                "health_check_path": "",
                "http2_enabled": false,
                "ip_restriction": [],
                "linux_fx_version": "NODE|18-lts",
                "load_balancing_mode": "LeastRequests",
                "local_mysql_enabled": false,
                "managed_pipeline_mode": "Integrated",
                "minimum_tls_version": "1.2",
                "remote_debugging_enabled": false,
                "remote_debugging_version": "VS2022",
                "scm_ip_restriction": [],
                "scm_minimum_tls_version": "1.2",
                "scm_type": "None",
                "scm_use_main_ip_restriction": false,
                "use_32_bit_worker": true,
                "vnet_route_all_enabled": false,
                "websockets_enabled": false,
                "worker_count": 1
              }
            ],
            "site_credential": [
              {
                "name": "$task-app",
                "password": "SMuTmaXCNSBba7wtt7Kj2xZ8avX3zAKiatp5fqSvRzZrs0GoMgmRSWu6Fngp"
              }
            ],
            "sticky_settings": [],
            "storage_account": [],
            "tags": null,
            "timeouts": null,
            "virtual_network_subnet_id": "",
            "zip_deploy_file": ""
          },
          "sensitive_attributes": [
            [
              {
                "type": "get_attr",
                "value": "custom_domain_verification_id"
              }
            ],
            [
              {
                "type": "get_attr",
                "value": "site_config"
              },
              {
                "type": "index",
                "value": {
                  "value": 0,
                  "type": "number"
                }
              },
              {
                "type": "get_attr",
                "value": "application_stack"
              },
              {
                "type": "index",
                "value": {
                  "value": 0,
                  "type": "number"
                }
              },
              {
                "type": "get_attr",
                "value": "docker_registry_password"
              }
            ],
            [
              {
                "type": "get_attr",
                "value": "site_credential"
              }
            ]
          ],
          "identity_schema_version": 0,
          "private": "eyJlMmJmYjczMC1lY2FhLTExZTYtOGY4OC0zNDM2M2JjN2M0YzAiOnsiY3JlYXRlIjoxODAwMDAwMDAwMDAwLCJkZWxldGUiOjE4MDAwMDAwMDAwMDAsInJlYWQiOjMwMDAwMDAwMDAwMCwidXBkYXRlIjoxODAwMDAwMDAwMDAwfX0=",
          "dependencies": [
            "azurerm_resource_group.rg",
            "azurerm_service_plan.task_plan"
          ]
        }
      ]
    },
    {
      "mode": "managed",
      "type": "azurerm_resource_group",
      "name": "rg",
      "provider": "provider[\"registry.terraform.io/hashicorp/azurerm\"]",
      "instances": [
        {
          "schema_version": 0,
          "attributes": {
            "id": "/subscriptions/a2c459d3-f15d-41d1-89c6-84df7003a552/resourceGroups/task-rg",
            "location": "centralus",
            "managed_by": "",
            "name": "task-rg",
            "tags": null,
            "timeouts": null
          },
          "sensitive_attributes": [],
          "identity_schema_version": 0,
          "private": "eyJlMmJmYjczMC1lY2FhLTExZTYtOGY4OC0zNDM2M2JjN2M0YzAiOnsiY3JlYXRlIjo1NDAwMDAwMDAwMDAwLCJkZWxldGUiOjU0MDAwMDAwMDAwMDAsInJlYWQiOjMwMDAwMDAwMDAwMCwidXBkYXRlIjo1NDAwMDAwMDAwMDAwfX0="
        }
      ]
    },
    {
      "mode": "managed",
      "type": "azurerm_service_plan",
      "name": "task_plan",
      "provider": "provider[\"registry.terraform.io/hashicorp/azurerm\"]",
      "instances": [
        {
          "schema_version": 0,
          "attributes": {
            "app_service_environment_id": "",
            "id": "/subscriptions/a2c459d3-f15d-41d1-89c6-84df7003a552/resourceGroups/task-rg/providers/Microsoft.Web/serverfarms/task-service-plan",
            "kind": "linux",
            "location": "centralus",
            "maximum_elastic_worker_count": 1,
            "name": "task-service-plan",
            "os_type": "Linux",
            "per_site_scaling_enabled": false,
            "reserved": true,
            "resource_group_name": "task-rg",
            "sku_name": "B1",
            "tags": null,
            "timeouts": null,
            "worker_count": 1,
            "zone_balancing_enabled": false
          },
          "sensitive_attributes": [],
          "identity_schema_version": 0,
          "private": "eyJlMmJmYjczMC1lY2FhLTExZTYtOGY4OC0zNDM2M2JjN2M0YzAiOnsiY3JlYXRlIjozNjAwMDAwMDAwMDAwLCJkZWxldGUiOjM2MDAwMDAwMDAwMDAsInJlYWQiOjMwMDAwMDAwMDAwMCwidXBkYXRlIjozNjAwMDAwMDAwMDAwfX0=",
          "dependencies": [
            "azurerm_resource_group.rg"
          ]
        }
      ]
    }
  ],
  "check_results": null
}
